
Microsoft Visual Studio Solution File, Format Version 12.00
# Visual Studio 15
VisualStudioVersion = 15.0.28307.168
MinimumVisualStudioVersion = 10.0.40219.1
Project("{FAE04EC0-301F-11D3-BF4B-00C04F79EFBC}") = "Backend", "src\backend\Backend.csproj", "{69C7BE81-3665-4744-889F-84E58D44926F}"
EndProject
Global
	GlobalSection(SolutionConfigurationPlatforms) = preSolution
		Debug|Any CPU = Debug|Any CPU
		Release|Any CPU = Release|Any CPU
	EndGlobalSection
	GlobalSection(ProjectConfigurationPlatforms) = postSolution
		{69C7BE81-3665-4744-889F-84E58D44926F}.Debug|Any CPU.ActiveCfg = Debug|Any CPU
		{69C7BE81-3665-4744-889F-84E58D44926F}.Debug|Any CPU.Build.0 = Debug|Any CPU
		{69C7BE81-3665-4744-889F-84E58D44926F}.Release|Any CPU.ActiveCfg = Release|Any CPU
		{69C7BE81-3665-4744-889F-84E58D44926F}.Release|Any CPU.Build.0 = Release|Any CPU
	EndGlobalSection
	GlobalSection(SolutionProperties) = preSolution
		HideSolutionNode = FALSE
	EndGlobalSection
	GlobalSection(ExtensibilityGlobals) = postSolution
		SolutionGuid = {E232BA09-58D2-45D8-9772-1EB852D3F877}
	EndGlobalSection
EndGlobal
